
Microsoft Visual Studio Solution File, Format Version 12.00
# Visual Studio Version 17
VisualStudioVersion = 17.4.33403.182
MinimumVisualStudioVersion = 10.0.40219.1
Project("{FAE04EC0-301F-11D3-BF4B-00C04F79EFBC}") = "SpaceBox-3D", "SpaceBox-3D\SpaceBox-3D.csproj", "{CB06B456-940F-4E72-B2DF-675BF60E2881}"
EndProject
Project("{FAE04EC0-301F-11D3-BF4B-00C04F79EFBC}") = "BrailleService", "BrailleService\BrailleService.csproj", "{7A0006A0-3F99-4C43-92E3-5E86F9302CAB}"
EndProject
Global
	GlobalSection(SolutionConfigurationPlatforms) = preSolution
		Debug|Any CPU = Debug|Any CPU
		Release|Any CPU = Release|Any CPU
	EndGlobalSection
	GlobalSection(ProjectConfigurationPlatforms) = postSolution
		{CB06B456-940F-4E72-B2DF-675BF60E2881}.Debug|Any CPU.ActiveCfg = Debug|Any CPU
		{CB06B456-940F-4E72-B2DF-675BF60E2881}.Debug|Any CPU.Build.0 = Debug|Any CPU
		{CB06B456-940F-4E72-B2DF-675BF60E2881}.Release|Any CPU.ActiveCfg = Release|Any CPU
		{CB06B456-940F-4E72-B2DF-675BF60E2881}.Release|Any CPU.Build.0 = Release|Any CPU
		{7A0006A0-3F99-4C43-92E3-5E86F9302CAB}.Debug|Any CPU.ActiveCfg = Debug|Any CPU
		{7A0006A0-3F99-4C43-92E3-5E86F9302CAB}.Debug|Any CPU.Build.0 = Debug|Any CPU
		{7A0006A0-3F99-4C43-92E3-5E86F9302CAB}.Release|Any CPU.ActiveCfg = Release|Any CPU
		{7A0006A0-3F99-4C43-92E3-5E86F9302CAB}.Release|Any CPU.Build.0 = Release|Any CPU
	EndGlobalSection
	GlobalSection(SolutionProperties) = preSolution
		HideSolutionNode = FALSE
	EndGlobalSection
	GlobalSection(ExtensibilityGlobals) = postSolution
		SolutionGuid = {E9F27FCC-CE67-454E-9E5E-DFFCD7681BCC}
	EndGlobalSection
EndGlobal
